
Microsoft Visual Studio Solution File, Format Version 12.00
# Visual Studio 14
VisualStudioVersion = 14.0.24720.0
MinimumVisualStudioVersion = 10.0.40219.1
Project("{9092AA53-FB77-4645-B42D-1CCCA6BD08BD}") = "ServicesDemo", "ServicesDemo.njsproj", "{311AFB00-4213-4B8D-8430-11159F1362FE}"
EndProject
Global
	GlobalSection(SolutionConfigurationPlatforms) = preSolution
		Debug|Any CPU = Debug|Any CPU
		Release|Any CPU = Release|Any CPU
	EndGlobalSection
	GlobalSection(ProjectConfigurationPlatforms) = postSolution
		{311AFB00-4213-4B8D-8430-11159F1362FE}.Debug|Any CPU.ActiveCfg = Debug|Any CPU
		{311AFB00-4213-4B8D-8430-11159F1362FE}.Debug|Any CPU.Build.0 = Debug|Any CPU
		{311AFB00-4213-4B8D-8430-11159F1362FE}.Release|Any CPU.ActiveCfg = Release|Any CPU
		{311AFB00-4213-4B8D-8430-11159F1362FE}.Release|Any CPU.Build.0 = Release|Any CPU
	EndGlobalSection
	GlobalSection(SolutionProperties) = preSolution
		HideSolutionNode = FALSE
	EndGlobalSection
EndGlobal
