
Microsoft Visual Studio Solution File, Format Version 12.00
# Visual Studio 14
VisualStudioVersion = 14.0.24720.0
MinimumVisualStudioVersion = 10.0.40219.1
Project("{9092AA53-FB77-4645-B42D-1CCCA6BD08BD}") = "HelloWorld", "HelloWorld.njsproj", "{7EC50E70-E025-4B7F-822E-8509662F0B24}"
EndProject
Project("{2150E333-8FDC-42A3-9474-1A3956D46DE8}") = "Solution Items", "Solution Items", "{85471BF5-8AB0-4243-8679-729A0932CACD}"
	ProjectSection(SolutionItems) = preProject
		_leiame.txt = _leiame.txt
	EndProjectSection
EndProject
Global
	GlobalSection(SolutionConfigurationPlatforms) = preSolution
		Debug|Any CPU = Debug|Any CPU
		Release|Any CPU = Release|Any CPU
	EndGlobalSection
	GlobalSection(ProjectConfigurationPlatforms) = postSolution
		{7EC50E70-E025-4B7F-822E-8509662F0B24}.Debug|Any CPU.ActiveCfg = Debug|Any CPU
		{7EC50E70-E025-4B7F-822E-8509662F0B24}.Debug|Any CPU.Build.0 = Debug|Any CPU
		{7EC50E70-E025-4B7F-822E-8509662F0B24}.Release|Any CPU.ActiveCfg = Release|Any CPU
		{7EC50E70-E025-4B7F-822E-8509662F0B24}.Release|Any CPU.Build.0 = Release|Any CPU
	EndGlobalSection
	GlobalSection(SolutionProperties) = preSolution
		HideSolutionNode = FALSE
	EndGlobalSection
EndGlobal
